
Microsoft Visual Studio Solution File, Format Version 12.00
# Visual Studio Version 16
VisualStudioVersion = 16.0.29411.138
MinimumVisualStudioVersion = 10.0.40219.1
Project("{FAE04EC0-301F-11D3-BF4B-00C04F79EFBC}") = "TsuSploit", "TsuSploit\TsuSploit.csproj", "{23AF5FC3-B522-4F6C-8293-5E853CF90C9D}"
EndProject
Project("{FAE04EC0-301F-11D3-BF4B-00C04F79EFBC}") = "WeAreDevs_API", "WeAreDevs_API\WeAreDevs_API.csproj", "{C802EA0E-47A2-4B15-BCFB-BC3A64C9C03A}"
EndProject
Project("{FAE04EC0-301F-11D3-BF4B-00C04F79EFBC}") = "EasyExploits", "EasyExploits\EasyExploits.csproj", "{2C2A6EED-25C3-4539-A900-E0330007D297}"
EndProject
Project("{FAE04EC0-301F-11D3-BF4B-00C04F79EFBC}") = "ApiModule", "ApiModule\ApiModule.csproj", "{FA031F6D-A8E0-417F-9AB8-FF7F2BA5B0E6}"
EndProject
Project("{FAE04EC0-301F-11D3-BF4B-00C04F79EFBC}") = "Updater", "Updater\Updater.csproj", "{4AD2DC54-2E74-46B6-BAED-53F1B9E43829}"
EndProject
Global
	GlobalSection(SolutionConfigurationPlatforms) = preSolution
		Debug|Any CPU = Debug|Any CPU
		Release|Any CPU = Release|Any CPU
	EndGlobalSection
	GlobalSection(ProjectConfigurationPlatforms) = postSolution
		{23AF5FC3-B522-4F6C-8293-5E853CF90C9D}.Debug|Any CPU.ActiveCfg = Debug|Any CPU
		{23AF5FC3-B522-4F6C-8293-5E853CF90C9D}.Debug|Any CPU.Build.0 = Debug|Any CPU
		{23AF5FC3-B522-4F6C-8293-5E853CF90C9D}.Release|Any CPU.ActiveCfg = Release|Any CPU
		{23AF5FC3-B522-4F6C-8293-5E853CF90C9D}.Release|Any CPU.Build.0 = Release|Any CPU
		{C802EA0E-47A2-4B15-BCFB-BC3A64C9C03A}.Debug|Any CPU.ActiveCfg = Debug|Any CPU
		{C802EA0E-47A2-4B15-BCFB-BC3A64C9C03A}.Debug|Any CPU.Build.0 = Debug|Any CPU
		{C802EA0E-47A2-4B15-BCFB-BC3A64C9C03A}.Release|Any CPU.ActiveCfg = Release|Any CPU
		{C802EA0E-47A2-4B15-BCFB-BC3A64C9C03A}.Release|Any CPU.Build.0 = Release|Any CPU
		{2C2A6EED-25C3-4539-A900-E0330007D297}.Debug|Any CPU.ActiveCfg = Debug|Any CPU
		{2C2A6EED-25C3-4539-A900-E0330007D297}.Debug|Any CPU.Build.0 = Debug|Any CPU
		{2C2A6EED-25C3-4539-A900-E0330007D297}.Release|Any CPU.ActiveCfg = Release|Any CPU
		{2C2A6EED-25C3-4539-A900-E0330007D297}.Release|Any CPU.Build.0 = Release|Any CPU
		{FA031F6D-A8E0-417F-9AB8-FF7F2BA5B0E6}.Debug|Any CPU.ActiveCfg = Debug|Any CPU
		{FA031F6D-A8E0-417F-9AB8-FF7F2BA5B0E6}.Debug|Any CPU.Build.0 = Debug|Any CPU
		{FA031F6D-A8E0-417F-9AB8-FF7F2BA5B0E6}.Release|Any CPU.ActiveCfg = Release|Any CPU
		{FA031F6D-A8E0-417F-9AB8-FF7F2BA5B0E6}.Release|Any CPU.Build.0 = Release|Any CPU
		{4AD2DC54-2E74-46B6-BAED-53F1B9E43829}.Debug|Any CPU.ActiveCfg = Debug|Any CPU
		{4AD2DC54-2E74-46B6-BAED-53F1B9E43829}.Debug|Any CPU.Build.0 = Debug|Any CPU
		{4AD2DC54-2E74-46B6-BAED-53F1B9E43829}.Release|Any CPU.ActiveCfg = Release|Any CPU
		{4AD2DC54-2E74-46B6-BAED-53F1B9E43829}.Release|Any CPU.Build.0 = Release|Any CPU
	EndGlobalSection
	GlobalSection(SolutionProperties) = preSolution
		HideSolutionNode = FALSE
	EndGlobalSection
	GlobalSection(ExtensibilityGlobals) = postSolution
		SolutionGuid = {E04DE78E-1775-4398-ACE1-479130A63F35}
	EndGlobalSection
EndGlobal
